
Microsoft Visual Studio Solution File, Format Version 12.00
# Visual Studio Version 16
VisualStudioVersion = 16.0.30717.126
MinimumVisualStudioVersion = 10.0.40219.1
Project("{9A19103F-16F7-4668-BE54-9A1E7A4F7556}") = "ByteBuffer", "ByteBuffer\ByteBuffer.csproj", "{62A98178-36BC-47DA-BCA3-DE809BE750CE}"
EndProject
Project("{FAE04EC0-301F-11D3-BF4B-00C04F79EFBC}") = "ByteBufferF", "ByteBufferF\ByteBufferF.csproj", "{623BF108-FF48-4375-BEEE-8A1B0C356EE1}"
EndProject
Project("{FAE04EC0-301F-11D3-BF4B-00C04F79EFBC}") = "ByteBufferU", "ByteBufferU\ByteBufferU.csproj", "{BC0E2561-1C33-482A-8C47-8BD49E9C384F}"
EndProject
Global
	GlobalSection(SolutionConfigurationPlatforms) = preSolution
		Debug|Any CPU = Debug|Any CPU
		Release|Any CPU = Release|Any CPU
	EndGlobalSection
	GlobalSection(ProjectConfigurationPlatforms) = postSolution
		{62A98178-36BC-47DA-BCA3-DE809BE750CE}.Debug|Any CPU.ActiveCfg = Debug|Any CPU
		{62A98178-36BC-47DA-BCA3-DE809BE750CE}.Debug|Any CPU.Build.0 = Debug|Any CPU
		{62A98178-36BC-47DA-BCA3-DE809BE750CE}.Release|Any CPU.ActiveCfg = Release|Any CPU
		{62A98178-36BC-47DA-BCA3-DE809BE750CE}.Release|Any CPU.Build.0 = Release|Any CPU
		{623BF108-FF48-4375-BEEE-8A1B0C356EE1}.Debug|Any CPU.ActiveCfg = Debug|Any CPU
		{623BF108-FF48-4375-BEEE-8A1B0C356EE1}.Debug|Any CPU.Build.0 = Debug|Any CPU
		{623BF108-FF48-4375-BEEE-8A1B0C356EE1}.Release|Any CPU.ActiveCfg = Release|Any CPU
		{623BF108-FF48-4375-BEEE-8A1B0C356EE1}.Release|Any CPU.Build.0 = Release|Any CPU
		{BC0E2561-1C33-482A-8C47-8BD49E9C384F}.Debug|Any CPU.ActiveCfg = Debug|Any CPU
		{BC0E2561-1C33-482A-8C47-8BD49E9C384F}.Debug|Any CPU.Build.0 = Debug|Any CPU
		{BC0E2561-1C33-482A-8C47-8BD49E9C384F}.Release|Any CPU.ActiveCfg = Release|Any CPU
		{BC0E2561-1C33-482A-8C47-8BD49E9C384F}.Release|Any CPU.Build.0 = Release|Any CPU
	EndGlobalSection
	GlobalSection(SolutionProperties) = preSolution
		HideSolutionNode = FALSE
	EndGlobalSection
	GlobalSection(ExtensibilityGlobals) = postSolution
		SolutionGuid = {A7F113B8-AE9F-4F58-B69E-DE405513DE8A}
	EndGlobalSection
EndGlobal
